
Microsoft Visual Studio Solution File, Format Version 12.00
# Visual Studio Version 16
VisualStudioVersion = 16.0.29806.167
MinimumVisualStudioVersion = 10.0.40219.1
Project("{9A19103F-16F7-4668-BE54-9A1E7A4F7556}") = "HelloJWT", "HelloJWT\HelloJWT.csproj", "{342146DC-2D21-4863-A041-53B5E2BBDE85}"
EndProject
Project("{FAE04EC0-301F-11D3-BF4B-00C04F79EFBC}") = "DataAccsess", "DataAccsess\DataAccsess.csproj", "{E6166FFC-D5FE-4AAF-9DA2-29283777EEFB}"
EndProject
Project("{FAE04EC0-301F-11D3-BF4B-00C04F79EFBC}") = "Crypto", "Crypto\Crypto.csproj", "{511ED35D-69DB-4866-A75B-CD1E1E4CEDE0}"
EndProject
Global
	GlobalSection(SolutionConfigurationPlatforms) = preSolution
		Debug|Any CPU = Debug|Any CPU
		Release|Any CPU = Release|Any CPU
	EndGlobalSection
	GlobalSection(ProjectConfigurationPlatforms) = postSolution
		{342146DC-2D21-4863-A041-53B5E2BBDE85}.Debug|Any CPU.ActiveCfg = Debug|Any CPU
		{342146DC-2D21-4863-A041-53B5E2BBDE85}.Debug|Any CPU.Build.0 = Debug|Any CPU
		{342146DC-2D21-4863-A041-53B5E2BBDE85}.Release|Any CPU.ActiveCfg = Release|Any CPU
		{342146DC-2D21-4863-A041-53B5E2BBDE85}.Release|Any CPU.Build.0 = Release|Any CPU
		{E6166FFC-D5FE-4AAF-9DA2-29283777EEFB}.Debug|Any CPU.ActiveCfg = Debug|Any CPU
		{E6166FFC-D5FE-4AAF-9DA2-29283777EEFB}.Debug|Any CPU.Build.0 = Debug|Any CPU
		{E6166FFC-D5FE-4AAF-9DA2-29283777EEFB}.Release|Any CPU.ActiveCfg = Release|Any CPU
		{E6166FFC-D5FE-4AAF-9DA2-29283777EEFB}.Release|Any CPU.Build.0 = Release|Any CPU
		{511ED35D-69DB-4866-A75B-CD1E1E4CEDE0}.Debug|Any CPU.ActiveCfg = Debug|Any CPU
		{511ED35D-69DB-4866-A75B-CD1E1E4CEDE0}.Debug|Any CPU.Build.0 = Debug|Any CPU
		{511ED35D-69DB-4866-A75B-CD1E1E4CEDE0}.Release|Any CPU.ActiveCfg = Release|Any CPU
		{511ED35D-69DB-4866-A75B-CD1E1E4CEDE0}.Release|Any CPU.Build.0 = Release|Any CPU
	EndGlobalSection
	GlobalSection(SolutionProperties) = preSolution
		HideSolutionNode = FALSE
	EndGlobalSection
	GlobalSection(ExtensibilityGlobals) = postSolution
		SolutionGuid = {37920ADF-E954-47FD-8C5D-E21D344D51B0}
	EndGlobalSection
EndGlobal
